
Microsoft Visual Studio Solution File, Format Version 12.00
# Visual Studio Version 17
VisualStudioVersion = 17.13.35806.99
MinimumVisualStudioVersion = 10.0.40219.1
Project("{2150E333-8FDC-42A3-9474-1A3956D46DE8}") = "Services", "Services", "{02EA681E-C7D8-13C7-8484-4AC65E1B71E8}"
EndProject
Project("{2150E333-8FDC-42A3-9474-1A3956D46DE8}") = "Catalog", "Catalog", "{48600C30-3F8C-4B80-92D3-8CE02F48FB9A}"
EndProject
Project("{FAE04EC0-301F-11D3-BF4B-00C04F79EFBC}") = "Catalog.Api", "Services\Catalog\Catalog.Api\Catalog.Api.csproj", "{22E758D4-6E70-4C5F-A958-CB0E4C3B25A7}"
EndProject
Project("{E53339B2-1760-4266-BCC7-CA923CBCF16C}") = "docker-compose", "docker-compose.dcproj", "{81DDED9D-158B-E303-5F62-77A2896D2A5A}"
EndProject
Project("{2150E333-8FDC-42A3-9474-1A3956D46DE8}") = "Basket", "Basket", "{E5FCD880-4DB2-46D6-B3E2-406547C5D50E}"
EndProject
Project("{FAE04EC0-301F-11D3-BF4B-00C04F79EFBC}") = "Basket.Api", "Services\Basket\Basket.Api\Basket.Api.csproj", "{DBA2BFFB-CEC9-41E0-9773-5D0936E21535}"
EndProject
Project("{2150E333-8FDC-42A3-9474-1A3956D46DE8}") = "Discount", "Discount", "{B4745AC8-D080-4CC4-8B12-23D3DC57FCCF}"
EndProject
Project("{FAE04EC0-301F-11D3-BF4B-00C04F79EFBC}") = "Discount.Api", "Services\Discount\Discount.Api\Discount.Api.csproj", "{11A38870-3F79-45D2-9714-45635F8F6545}"
EndProject
Project("{FAE04EC0-301F-11D3-BF4B-00C04F79EFBC}") = "Discount.Grpc", "Services\Discount\Discount.Grpc\Discount.Grpc.csproj", "{5ACC8426-BEEB-4D55-BD09-A27787268042}"
EndProject
Project("{2150E333-8FDC-42A3-9474-1A3956D46DE8}") = "Ordering", "Ordering", "{54A8B97F-6DB9-4030-B337-36E6943B051E}"
EndProject
Project("{FAE04EC0-301F-11D3-BF4B-00C04F79EFBC}") = "Ordering.Api", "Services\Ordering\Ordering.Api\Ordering.Api.csproj", "{651C12F6-86D2-4401-9E38-7B97FE94C2B5}"
EndProject
Project("{FAE04EC0-301F-11D3-BF4B-00C04F79EFBC}") = "Ordering.Domain", "Services\Ordering\Ordering.Domain\Ordering.Domain.csproj", "{733403DB-358C-438C-8770-727B093DF3AD}"
EndProject
Project("{FAE04EC0-301F-11D3-BF4B-00C04F79EFBC}") = "Ordering.Infrastructure", "Services\Ordering\Ordering.Infrastructure\Ordering.Infrastructure.csproj", "{37228E94-D28B-4EAB-970D-7B44A82400F6}"
EndProject
Project("{FAE04EC0-301F-11D3-BF4B-00C04F79EFBC}") = "Ordering.Application", "Services\Ordering\Ordering.Application\Ordering.Application.csproj", "{2F45B1E6-3132-4CD5-991F-28FC78C2775C}"
EndProject
Project("{2150E333-8FDC-42A3-9474-1A3956D46DE8}") = "BuilingBlocks", "BuilingBlocks", "{D982FC27-7FF0-4005-AD95-9AF2E97011A9}"
EndProject
Project("{FAE04EC0-301F-11D3-BF4B-00C04F79EFBC}") = "EventBus.Message", "BuildingBlocks\EventBus.Message\EventBus.Message.csproj", "{5A50808D-55BA-483C-BFE7-23C3E5812237}"
EndProject
Project("{2150E333-8FDC-42A3-9474-1A3956D46DE8}") = "ApiGateways", "ApiGateways", "{CA83B32E-D652-44CB-A5F4-2EA7AA70857E}"
EndProject
Project("{FAE04EC0-301F-11D3-BF4B-00C04F79EFBC}") = "OcelotApiGw", "ApiGateways\OcelotApiGw\OcelotApiGw.csproj", "{714BFDDE-985F-456B-B829-943B8F2818AF}"
EndProject
Global
	GlobalSection(SolutionConfigurationPlatforms) = preSolution
		Debug|Any CPU = Debug|Any CPU
		Release|Any CPU = Release|Any CPU
	EndGlobalSection
	GlobalSection(ProjectConfigurationPlatforms) = postSolution
		{22E758D4-6E70-4C5F-A958-CB0E4C3B25A7}.Debug|Any CPU.ActiveCfg = Debug|Any CPU
		{22E758D4-6E70-4C5F-A958-CB0E4C3B25A7}.Debug|Any CPU.Build.0 = Debug|Any CPU
		{22E758D4-6E70-4C5F-A958-CB0E4C3B25A7}.Release|Any CPU.ActiveCfg = Release|Any CPU
		{22E758D4-6E70-4C5F-A958-CB0E4C3B25A7}.Release|Any CPU.Build.0 = Release|Any CPU
		{81DDED9D-158B-E303-5F62-77A2896D2A5A}.Debug|Any CPU.ActiveCfg = Debug|Any CPU
		{81DDED9D-158B-E303-5F62-77A2896D2A5A}.Debug|Any CPU.Build.0 = Debug|Any CPU
		{81DDED9D-158B-E303-5F62-77A2896D2A5A}.Release|Any CPU.ActiveCfg = Release|Any CPU
		{81DDED9D-158B-E303-5F62-77A2896D2A5A}.Release|Any CPU.Build.0 = Release|Any CPU
		{DBA2BFFB-CEC9-41E0-9773-5D0936E21535}.Debug|Any CPU.ActiveCfg = Debug|Any CPU
		{DBA2BFFB-CEC9-41E0-9773-5D0936E21535}.Debug|Any CPU.Build.0 = Debug|Any CPU
		{DBA2BFFB-CEC9-41E0-9773-5D0936E21535}.Release|Any CPU.ActiveCfg = Release|Any CPU
		{DBA2BFFB-CEC9-41E0-9773-5D0936E21535}.Release|Any CPU.Build.0 = Release|Any CPU
		{11A38870-3F79-45D2-9714-45635F8F6545}.Debug|Any CPU.ActiveCfg = Debug|Any CPU
		{11A38870-3F79-45D2-9714-45635F8F6545}.Debug|Any CPU.Build.0 = Debug|Any CPU
		{11A38870-3F79-45D2-9714-45635F8F6545}.Release|Any CPU.ActiveCfg = Release|Any CPU
		{11A38870-3F79-45D2-9714-45635F8F6545}.Release|Any CPU.Build.0 = Release|Any CPU
		{5ACC8426-BEEB-4D55-BD09-A27787268042}.Debug|Any CPU.ActiveCfg = Debug|Any CPU
		{5ACC8426-BEEB-4D55-BD09-A27787268042}.Debug|Any CPU.Build.0 = Debug|Any CPU
		{5ACC8426-BEEB-4D55-BD09-A27787268042}.Release|Any CPU.ActiveCfg = Release|Any CPU
		{5ACC8426-BEEB-4D55-BD09-A27787268042}.Release|Any CPU.Build.0 = Release|Any CPU
		{651C12F6-86D2-4401-9E38-7B97FE94C2B5}.Debug|Any CPU.ActiveCfg = Debug|Any CPU
		{651C12F6-86D2-4401-9E38-7B97FE94C2B5}.Debug|Any CPU.Build.0 = Debug|Any CPU
		{651C12F6-86D2-4401-9E38-7B97FE94C2B5}.Release|Any CPU.ActiveCfg = Release|Any CPU
		{651C12F6-86D2-4401-9E38-7B97FE94C2B5}.Release|Any CPU.Build.0 = Release|Any CPU
		{733403DB-358C-438C-8770-727B093DF3AD}.Debug|Any CPU.ActiveCfg = Debug|Any CPU
		{733403DB-358C-438C-8770-727B093DF3AD}.Debug|Any CPU.Build.0 = Debug|Any CPU
		{733403DB-358C-438C-8770-727B093DF3AD}.Release|Any CPU.ActiveCfg = Release|Any CPU
		{733403DB-358C-438C-8770-727B093DF3AD}.Release|Any CPU.Build.0 = Release|Any CPU
		{37228E94-D28B-4EAB-970D-7B44A82400F6}.Debug|Any CPU.ActiveCfg = Debug|Any CPU
		{37228E94-D28B-4EAB-970D-7B44A82400F6}.Debug|Any CPU.Build.0 = Debug|Any CPU
		{37228E94-D28B-4EAB-970D-7B44A82400F6}.Release|Any CPU.ActiveCfg = Release|Any CPU
		{37228E94-D28B-4EAB-970D-7B44A82400F6}.Release|Any CPU.Build.0 = Release|Any CPU
		{2F45B1E6-3132-4CD5-991F-28FC78C2775C}.Debug|Any CPU.ActiveCfg = Debug|Any CPU
		{2F45B1E6-3132-4CD5-991F-28FC78C2775C}.Debug|Any CPU.Build.0 = Debug|Any CPU
		{2F45B1E6-3132-4CD5-991F-28FC78C2775C}.Release|Any CPU.ActiveCfg = Release|Any CPU
		{2F45B1E6-3132-4CD5-991F-28FC78C2775C}.Release|Any CPU.Build.0 = Release|Any CPU
		{5A50808D-55BA-483C-BFE7-23C3E5812237}.Debug|Any CPU.ActiveCfg = Debug|Any CPU
		{5A50808D-55BA-483C-BFE7-23C3E5812237}.Debug|Any CPU.Build.0 = Debug|Any CPU
		{5A50808D-55BA-483C-BFE7-23C3E5812237}.Release|Any CPU.ActiveCfg = Release|Any CPU
		{5A50808D-55BA-483C-BFE7-23C3E5812237}.Release|Any CPU.Build.0 = Release|Any CPU
		{714BFDDE-985F-456B-B829-943B8F2818AF}.Debug|Any CPU.ActiveCfg = Debug|Any CPU
		{714BFDDE-985F-456B-B829-943B8F2818AF}.Debug|Any CPU.Build.0 = Debug|Any CPU
		{714BFDDE-985F-456B-B829-943B8F2818AF}.Release|Any CPU.ActiveCfg = Release|Any CPU
		{714BFDDE-985F-456B-B829-943B8F2818AF}.Release|Any CPU.Build.0 = Release|Any CPU
	EndGlobalSection
	GlobalSection(SolutionProperties) = preSolution
		HideSolutionNode = FALSE
	EndGlobalSection
	GlobalSection(NestedProjects) = preSolution
		{48600C30-3F8C-4B80-92D3-8CE02F48FB9A} = {02EA681E-C7D8-13C7-8484-4AC65E1B71E8}
		{22E758D4-6E70-4C5F-A958-CB0E4C3B25A7} = {48600C30-3F8C-4B80-92D3-8CE02F48FB9A}
		{E5FCD880-4DB2-46D6-B3E2-406547C5D50E} = {02EA681E-C7D8-13C7-8484-4AC65E1B71E8}
		{DBA2BFFB-CEC9-41E0-9773-5D0936E21535} = {E5FCD880-4DB2-46D6-B3E2-406547C5D50E}
		{B4745AC8-D080-4CC4-8B12-23D3DC57FCCF} = {02EA681E-C7D8-13C7-8484-4AC65E1B71E8}
		{11A38870-3F79-45D2-9714-45635F8F6545} = {B4745AC8-D080-4CC4-8B12-23D3DC57FCCF}
		{5ACC8426-BEEB-4D55-BD09-A27787268042} = {B4745AC8-D080-4CC4-8B12-23D3DC57FCCF}
		{54A8B97F-6DB9-4030-B337-36E6943B051E} = {02EA681E-C7D8-13C7-8484-4AC65E1B71E8}
		{651C12F6-86D2-4401-9E38-7B97FE94C2B5} = {54A8B97F-6DB9-4030-B337-36E6943B051E}
		{733403DB-358C-438C-8770-727B093DF3AD} = {54A8B97F-6DB9-4030-B337-36E6943B051E}
		{37228E94-D28B-4EAB-970D-7B44A82400F6} = {54A8B97F-6DB9-4030-B337-36E6943B051E}
		{2F45B1E6-3132-4CD5-991F-28FC78C2775C} = {54A8B97F-6DB9-4030-B337-36E6943B051E}
		{5A50808D-55BA-483C-BFE7-23C3E5812237} = {D982FC27-7FF0-4005-AD95-9AF2E97011A9}
		{714BFDDE-985F-456B-B829-943B8F2818AF} = {CA83B32E-D652-44CB-A5F4-2EA7AA70857E}
	EndGlobalSection
	GlobalSection(ExtensibilityGlobals) = postSolution
		SolutionGuid = {E756B1BB-C435-4220-A1C7-ED6FB80EBFE9}
	EndGlobalSection
EndGlobal
